
Microsoft Visual Studio Solution File, Format Version 12.00
# Visual Studio Version 17
VisualStudioVersion = 17.5.33424.131
MinimumVisualStudioVersion = 10.0.40219.1
Project("{FAE04EC0-301F-11D3-BF4B-00C04F79EFBC}") = "Mairala", "Mairala\Mairala.csproj", "{34C0C017-E2AC-4C07-9304-CEB785C7741E}"
EndProject
Global
	GlobalSection(SolutionConfigurationPlatforms) = preSolution
		Debug|Any CPU = Debug|Any CPU
		Release|Any CPU = Release|Any CPU
	EndGlobalSection
	GlobalSection(ProjectConfigurationPlatforms) = postSolution
		{34C0C017-E2AC-4C07-9304-CEB785C7741E}.Debug|Any CPU.ActiveCfg = Debug|Any CPU
		{34C0C017-E2AC-4C07-9304-CEB785C7741E}.Debug|Any CPU.Build.0 = Debug|Any CPU
		{34C0C017-E2AC-4C07-9304-CEB785C7741E}.Release|Any CPU.ActiveCfg = Release|Any CPU
		{34C0C017-E2AC-4C07-9304-CEB785C7741E}.Release|Any CPU.Build.0 = Release|Any CPU
	EndGlobalSection
	GlobalSection(SolutionProperties) = preSolution
		HideSolutionNode = FALSE
	EndGlobalSection
	GlobalSection(ExtensibilityGlobals) = postSolution
		SolutionGuid = {02E8AE90-1FAA-4F36-A939-A5C4BFF17C0D}
	EndGlobalSection
EndGlobal
